{
  "name": "cavalo-horse-man",
  "version": "1.0.0",
  "lockfileVersion": 2,
  "requires": true,
  "packages": {
    "": {
      "name": "cavalo-horse-man",
      "version": "1.0.0",
      "license": "ISC",
      "dependencies": {
        "cavalo-horse-man": "^1.0.0"
      }
    },
    "node_modules/cavalo-horse-man": {
      "version": "1.0.0",
      "resolved": "https://registry.npmjs.org/cavalo-horse-man/-/cavalo-horse-man-1.0.0.tgz",
      "integrity": "sha512-YQu3s1N9arHuj3bmU8iah53EMM6EQI/Z+EoSPY1Jn+nSCLlN78ThnO8jYC9TUrW4W/Uc/zkw8quoHbsxr5SN4w=="
    }
  },
  "dependencies": {
    "cavalo-horse-man": {
      "version": "1.0.0",
      "resolved": "https://registry.npmjs.org/cavalo-horse-man/-/cavalo-horse-man-1.0.0.tgz",
      "integrity": "sha512-YQu3s1N9arHuj3bmU8iah53EMM6EQI/Z+EoSPY1Jn+nSCLlN78ThnO8jYC9TUrW4W/Uc/zkw8quoHbsxr5SN4w=="
    }
  }
}
